
Microsoft Visual Studio Solution File, Format Version 12.00
# Visual Studio Version 17
VisualStudioVersion = 17.2.32526.322
MinimumVisualStudioVersion = 10.0.40219.1
Project("{FAE04EC0-301F-11D3-BF4B-00C04F79EFBC}") = "RoomReservation", "RoomReservation.csproj", "{A30F357C-D3CB-4026-B54D-08552E581E81}"
EndProject
Global
	GlobalSection(SolutionConfigurationPlatforms) = preSolution
		Debug|Any CPU = Debug|Any CPU
		Release|Any CPU = Release|Any CPU
	EndGlobalSection
	GlobalSection(ProjectConfigurationPlatforms) = postSolution
		{A30F357C-D3CB-4026-B54D-08552E581E81}.Debug|Any CPU.ActiveCfg = Debug|Any CPU
		{A30F357C-D3CB-4026-B54D-08552E581E81}.Debug|Any CPU.Build.0 = Debug|Any CPU
		{A30F357C-D3CB-4026-B54D-08552E581E81}.Release|Any CPU.ActiveCfg = Release|Any CPU
		{A30F357C-D3CB-4026-B54D-08552E581E81}.Release|Any CPU.Build.0 = Release|Any CPU
	EndGlobalSection
	GlobalSection(SolutionProperties) = preSolution
		HideSolutionNode = FALSE
	EndGlobalSection
	GlobalSection(ExtensibilityGlobals) = postSolution
		SolutionGuid = {BABAF26B-4E96-4A7B-98E0-651D4997E176}
	EndGlobalSection
EndGlobal
